Microsoft Visual Studio Solution File, Format Version 12.00
# Visual Studio Version 17
VisualStudioVersion = 17.5.2.0
MinimumVisualStudioVersion = 10.0.40219.1
Project("{FAE04EC0-301F-11D3-BF4B-00C04F79EFBC}") = "dama", "dama.csproj", "{FE94502B-D803-A6D2-7677-45A19CDBA6B2}"
EndProject
Global
	GlobalSection(SolutionConfigurationPlatforms) = preSolution
		Debug|Any CPU = Debug|Any CPU
		Release|Any CPU = Release|Any CPU
	EndGlobalSection
	GlobalSection(ProjectConfigurationPlatforms) = postSolution
		{FE94502B-D803-A6D2-7677-45A19CDBA6B2}.Debug|Any CPU.ActiveCfg = Debug|Any CPU
		{FE94502B-D803-A6D2-7677-45A19CDBA6B2}.Debug|Any CPU.Build.0 = Debug|Any CPU
		{FE94502B-D803-A6D2-7677-45A19CDBA6B2}.Release|Any CPU.ActiveCfg = Release|Any CPU
		{FE94502B-D803-A6D2-7677-45A19CDBA6B2}.Release|Any CPU.Build.0 = Release|Any CPU
	EndGlobalSection
	GlobalSection(SolutionProperties) = preSolution
		HideSolutionNode = FALSE
	EndGlobalSection
	GlobalSection(ExtensibilityGlobals) = postSolution
		SolutionGuid = {44224220-E170-4373-B0E5-EA8E40AFCD90}
	EndGlobalSection
EndGlobal
